
Microsoft Visual Studio Solution File, Format Version 12.00
# Visual Studio Version 16
VisualStudioVersion = 16.0.31729.503
MinimumVisualStudioVersion = 10.0.40219.1
Project("{FAE04EC0-301F-11D3-BF4B-00C04F79EFBC}") = "ProjectScheduler", "ProjectScheduler\ProjectScheduler.csproj", "{056AAF05-64C0-466A-A4FF-BCC12258F154}"
EndProject
Project("{FAE04EC0-301F-11D3-BF4B-00C04F79EFBC}") = "ProjectSchedulerTest", "ProjectSchedulerTest\ProjectSchedulerTest.csproj", "{A6118E6F-EC3F-48C0-8C82-142FAFDC0F06}"
EndProject
Global
	GlobalSection(SolutionConfigurationPlatforms) = preSolution
		Debug|Any CPU = Debug|Any CPU
		Release|Any CPU = Release|Any CPU
	EndGlobalSection
	GlobalSection(ProjectConfigurationPlatforms) = postSolution
		{056AAF05-64C0-466A-A4FF-BCC12258F154}.Debug|Any CPU.ActiveCfg = Debug|Any CPU
		{056AAF05-64C0-466A-A4FF-BCC12258F154}.Debug|Any CPU.Build.0 = Debug|Any CPU
		{056AAF05-64C0-466A-A4FF-BCC12258F154}.Release|Any CPU.ActiveCfg = Release|Any CPU
		{056AAF05-64C0-466A-A4FF-BCC12258F154}.Release|Any CPU.Build.0 = Release|Any CPU
		{A6118E6F-EC3F-48C0-8C82-142FAFDC0F06}.Debug|Any CPU.ActiveCfg = Debug|Any CPU
		{A6118E6F-EC3F-48C0-8C82-142FAFDC0F06}.Debug|Any CPU.Build.0 = Debug|Any CPU
		{A6118E6F-EC3F-48C0-8C82-142FAFDC0F06}.Release|Any CPU.ActiveCfg = Release|Any CPU
		{A6118E6F-EC3F-48C0-8C82-142FAFDC0F06}.Release|Any CPU.Build.0 = Release|Any CPU
	EndGlobalSection
	GlobalSection(SolutionProperties) = preSolution
		HideSolutionNode = FALSE
	EndGlobalSection
	GlobalSection(ExtensibilityGlobals) = postSolution
		SolutionGuid = {9920ACE5-9CF8-4C22-A025-5B92E419703C}
	EndGlobalSection
EndGlobal
